{
  "name": "ngx-ui-hero",
  "version": "3.7.0",
  "lockfileVersion": 1,
  "requires": true,
  "dependencies": {
    "@angular/common": {
      "version": "6.0.0",
      "resolved": "https://registry.npmjs.org/@angular/common/-/common-6.0.0.tgz",
      "integrity": "sha512-oo/KESihAZo0FsZPHthO9PYhanN4Q+Lo7Lb2HNbWnD+xRIPa1yFC12JOWiD+SPPfFGWMI6aW3wAlcoej1+QKSw==",
      "requires": {
        "tslib": "^1.9.0"
      }
    },
    "@angular/core": {
      "version": "6.0.0",
      "resolved": "https://registry.npmjs.org/@angular/core/-/core-6.0.0.tgz",
      "integrity": "sha512-52X2ZKXOoaMRYaC/ycHePTkXuwku8qJFxoEXAFBItAkk9rebLU4CD8Fx1Z9vUd8aWu1uFfLTxqkgE0mUyBANZw==",
      "requires": {
        "tslib": "^1.9.0"
      }
    },
    "@angular/forms": {
      "version": "6.0.0",
      "resolved": "https://registry.npmjs.org/@angular/forms/-/forms-6.0.0.tgz",
      "integrity": "sha512-4eVfCcSyPRhml7Xa6ia/DgDl3JhOnEdBdHo+jads1YL5AF6D08Tthngjf3KjuctGqZDACPyxNt6ciX4g8IbGCA==",
      "requires": {
        "tslib": "^1.9.0"
      }
    },
    "@angular/platform-browser": {
      "version": "6.0.0",
      "resolved": "https://registry.npmjs.org/@angular/platform-browser/-/platform-browser-6.0.0.tgz",
      "integrity": "sha512-ExI1o40BJIbJKFz1p1ivGSgLA1+T0uUo8rjheOZhcGDwCNx54/RapCFLdcHCNiW8NzAIzx+kt4DdXnCSKitnDA==",
      "requires": {
        "tslib": "^1.9.0"
      }
    },
    "adler-32": {
      "version": "1.2.0",
      "resolved": "https://registry.npmjs.org/adler-32/-/adler-32-1.2.0.tgz",
      "integrity": "sha1-aj5r8KY5ALoVZSgIyxXGgT0aXyU=",
      "requires": {
        "exit-on-epipe": "~1.0.1",
        "printj": "~1.1.0"
      }
    },
    "bootstrap": {
      "version": "4.1.1",
      "resolved": "https://registry.npmjs.org/bootstrap/-/bootstrap-4.1.1.tgz",
      "integrity": "sha512-SpiDSOcbg4J/PjVSt4ny5eY6j74VbVSjROY4Fb/WIUXBV9cnb5luyR4KnPvNoXuGnBK1T+nJIWqRsvU3yP8Mcg=="
    },
    "cfb": {
      "version": "1.0.8",
      "resolved": "https://registry.npmjs.org/cfb/-/cfb-1.0.8.tgz",
      "integrity": "sha1-d/ITST1pfXVP2cD1UR6rWtctAs8=",
      "requires": {
        "commander": "^2.14.1",
        "printj": "~1.1.2"
      }
    },
    "codepage": {
      "version": "1.14.0",
      "resolved": "https://registry.npmjs.org/codepage/-/codepage-1.14.0.tgz",
      "integrity": "sha1-jL4lSBMjVZ19MHVxsP/5HnodL5k=",
      "requires": {
        "commander": "~2.14.1",
        "exit-on-epipe": "~1.0.1"
      },
      "dependencies": {
        "commander": {
          "version": "2.14.1",
          "resolved": "http://registry.npmjs.org/commander/-/commander-2.14.1.tgz",
          "integrity": "sha512-+YR16o3rK53SmWHU3rEM3tPAh2rwb1yPcQX5irVn7mb0gXbwuCCrnkbV5+PBfETdfg1vui07nM6PCG1zndcjQw=="
        }
      }
    },
    "commander": {
      "version": "2.15.1",
      "resolved": "http://registry.npmjs.org/commander/-/commander-2.15.1.tgz",
      "integrity": "sha512-VlfT9F3V0v+jr4yxPc5gg9s62/fIVWsd2Bk2iD435um1NlGMYdVCq+MjcXnhYq2icNOizHr1kK+5TI6H0Hy0ag=="
    },
    "crc-32": {
      "version": "1.2.0",
      "resolved": "https://registry.npmjs.org/crc-32/-/crc-32-1.2.0.tgz",
      "integrity": "sha512-1uBwHxF+Y/4yF5G48fwnKq6QsIXheor3ZLPT80yGBV1oEUwpPojlEhQbWKVw1VwcTQyMGHK1/XMmTjmlsmTTGA==",
      "requires": {
        "exit-on-epipe": "~1.0.1",
        "printj": "~1.1.0"
      }
    },
    "exit-on-epipe": {
      "version": "1.0.1",
      "resolved": "https://registry.npmjs.org/exit-on-epipe/-/exit-on-epipe-1.0.1.tgz",
      "integrity": "sha512-h2z5mrROTxce56S+pnvAV890uu7ls7f1kEvVGJbw1OlFH3/mlJ5bkXu0KRyW94v37zzHPiUd55iLn3DA7TjWpw=="
    },
    "file-saver": {
      "version": "1.3.8",
      "resolved": "http://registry.npmjs.org/file-saver/-/file-saver-1.3.8.tgz",
      "integrity": "sha512-spKHSBQIxxS81N/O21WmuXA2F6wppUCsutpzenOeZzOCCJ5gEfcbqJP983IrpLXzYmXnMUa6J03SubcNPdKrlg=="
    },
    "font-awesome": {
      "version": "4.7.0",
      "resolved": "https://registry.npmjs.org/font-awesome/-/font-awesome-4.7.0.tgz",
      "integrity": "sha1-j6jPBBGhoxr9B7BtKQK7n8gVoTM="
    },
    "frac": {
      "version": "1.1.2",
      "resolved": "https://registry.npmjs.org/frac/-/frac-1.1.2.tgz",
      "integrity": "sha512-w/XBfkibaTl3YDqASwfDUqkna4Z2p9cFSr1aHDt0WoMTECnRfBOv2WArlZILlqgWlmdIlALXGpM2AOhEk5W3IA=="
    },
    "jquery": {
      "version": "3.3.1",
      "resolved": "https://registry.npmjs.org/jquery/-/jquery-3.3.1.tgz",
      "integrity": "sha512-Ubldcmxp5np52/ENotGxlLe6aGMvmF4R8S6tZjsP6Knsaxd/xp3Zrh50cG93lR6nPXyUFwzN3ZSOQI0wRJNdGg=="
    },
    "lodash": {
      "version": "4.17.10",
      "resolved": "https://registry.npmjs.org/lodash/-/lodash-4.17.10.tgz",
      "integrity": "sha512-UejweD1pDoXu+AD825lWwp4ZGtSwgnpZxb3JDViD7StjQz+Nb/6l093lx4OQ0foGWNRoc19mWy7BzL+UAK2iVg=="
    },
    "ng2-currency-mask": {
      "version": "5.3.1",
      "resolved": "https://registry.npmjs.org/ng2-currency-mask/-/ng2-currency-mask-5.3.1.tgz",
      "integrity": "sha1-1z4nv2DqQj38AEAQbI6hcxbQeqs="
    },
    "ng2-file-upload": {
      "version": "1.3.0",
      "resolved": "https://registry.npmjs.org/ng2-file-upload/-/ng2-file-upload-1.3.0.tgz",
      "integrity": "sha512-Pudxik6LWYsT8hNiEW7RfjgGWAnvfQywxwJYMdt1snTUe+KnlRc/QqPv3QEQW6plXTanuLkYz/TbqilSfSHOsw=="
    },
    "ngx-bootstrap": {
      "version": "3.0.1",
      "resolved": "https://registry.npmjs.org/ngx-bootstrap/-/ngx-bootstrap-3.0.1.tgz",
      "integrity": "sha512-ni91yYtn8ldgf/pxrlwl9lkVcLURGzopSpJnEbbgG1v1EZWTobI8y7J3mx4Kxptkn0EeiQwnLel67G7XJSox4A=="
    },
    "ngx-mask": {
      "version": "6.2.8",
      "resolved": "https://registry.npmjs.org/ngx-mask/-/ngx-mask-6.2.8.tgz",
      "integrity": "sha512-xj7dXxMyMlB1cnvp6GUGdOH1IMWAsCcdbIJ3R6sncJKAthO4FdERKyDGaj86BW9hVdtsrWCuBhUG/42f2J6+Yg==",
      "requires": {
        "tslib": "^1.9.0"
      }
    },
    "popper.js": {
      "version": "1.14.3",
      "resolved": "https://registry.npmjs.org/popper.js/-/popper.js-1.14.3.tgz",
      "integrity": "sha1-FDj5jQRqz3tNeM1QK/QYrGTU8JU="
    },
    "print-this": {
      "version": "1.14.0",
      "resolved": "https://registry.npmjs.org/print-this/-/print-this-1.14.0.tgz",
      "integrity": "sha512-4mG/aHdsWiDGZ/5GAPl0PToVApniW/TwJjVgL7gQEIbdhRXVzre2HQlD0nxXtaCmke4GAK1q/KEqGn8VojYjOA==",
      "requires": {
        "jquery": ">=1.11"
      }
    },
    "printj": {
      "version": "1.1.2",
      "resolved": "http://registry.npmjs.org/printj/-/printj-1.1.2.tgz",
      "integrity": "sha512-zA2SmoLaxZyArQTOPj5LXecR+RagfPSU5Kw1qP+jkWeNlrq+eJZyY2oS68SU1Z/7/myXM4lo9716laOFAVStCQ=="
    },
    "rxjs": {
      "version": "6.0.0",
      "resolved": "https://registry.npmjs.org/rxjs/-/rxjs-6.0.0.tgz",
      "integrity": "sha512-2MgLQr1zvks8+Kip4T6hcJdiBhV+SIvxguoWjhwtSpNPTp/5e09HJbgclCwR/nW0yWzhubM+6Q0prl8G5RuoBA==",
      "requires": {
        "tslib": "^1.9.0"
      }
    },
    "ssf": {
      "version": "0.10.2",
      "resolved": "https://registry.npmjs.org/ssf/-/ssf-0.10.2.tgz",
      "integrity": "sha512-rDhAPm9WyIsY8eZEKyE8Qsotb3j/wBdvMWBUsOhJdfhKGLfQidRjiBUV0y/MkyCLiXQ38FG6LWW/VYUtqlIDZQ==",
      "requires": {
        "frac": "~1.1.2"
      }
    },
    "sweetalert2": {
      "version": "7.22.2",
      "resolved": "https://registry.npmjs.org/sweetalert2/-/sweetalert2-7.22.2.tgz",
      "integrity": "sha512-M2CH46nF+Tb1veA7EHXMloEeBScICRgSlpA/FE0KW9mNSGYq4j4HVbm3G9PBn+6lG3TFPwFt+kxnyhxagGCcHA=="
    },
    "tslib": {
      "version": "1.9.3",
      "resolved": "https://registry.npmjs.org/tslib/-/tslib-1.9.3.tgz",
      "integrity": "sha512-4krF8scpejhaOgqzBEcGM7yDIEfi0/8+8zDRZhNZZ2kjmHJ4hv3zCbQWxoJGz1iw5U0Jl0nma13xzHXcncMavQ=="
    },
    "xlsx": {
      "version": "0.13.4",
      "resolved": "https://registry.npmjs.org/xlsx/-/xlsx-0.13.4.tgz",
      "integrity": "sha512-pdPp2EtZHHqwHGT8CdezinmKzHNrjpJgqGkCY+t5J2+2Yxon3vXTtKpqcyurmlXa4u5ouPGpXuMHMy/bMR3wcA==",
      "requires": {
        "adler-32": "~1.2.0",
        "cfb": "~1.0.8",
        "codepage": "~1.14.0",
        "commander": "~2.15.1",
        "crc-32": "~1.2.0",
        "exit-on-epipe": "~1.0.1",
        "ssf": "~0.10.2"
      }
    },
    "zone.js": {
      "version": "0.8.26",
      "resolved": "https://registry.npmjs.org/zone.js/-/zone.js-0.8.26.tgz",
      "integrity": "sha512-W9Nj+UmBJG251wkCacIkETgra4QgBo/vgoEkb4a2uoLzpQG7qF9nzwoLXWU5xj3Fg2mxGvEDh47mg24vXccYjA=="
    }
  }
}
